{
  "_comment": "SHA-256 of the git-blob content (LF-normalized) of the frozen config files, as committed. Regenerate deliberately (git show HEAD:<path> | sha256sum, or hash the working file with CRLF normalized to LF) only when configs/experiment.yaml or configs/FROZEN.md are intentionally amended, and say so in the commit message. src.utils.verify_config_hashes() checks every training entry point against this file and fails loudly on any mismatch, including a missing or stale entry here. Regenerated 2026-09-04 for the gradient-accumulation amendment (per-device batch 8 x accum 4, effective batch 32 unchanged) and the two-phase/parallel-stream execution keys; both are recorded in configs/FROZEN.md under Amendments. configs/pilot_t4.yaml is the free-Colab GO/NO-GO probe; it writes to results_pilot/ and is NOT a reportable configuration (max_steps 800 vs the frozen 2000). It is hash-locked too, so a silently edited pilot config also fails loudly. Regenerated 2026-09-07 for the amendments recorded in configs/FROZEN.md: (a) the n=500 Turkish comparison (conditions 2/4/5 sizes and run.contrast_sizes), which touches no training parameter, and (b) best-validation-checkpoint selection on the Azerbaijani stage (training.metric_for_best_model null -> eval_macro_f1, training.load_best_model_at_end false -> true), which DOES change two training.* keys. That second change alters which weights survive training, not how they are produced: lr, max_steps, batch_size, grad_accum, warmup_ratio, weight_decay, fp16, eval_every_steps, max_length and the seed lists are all unchanged, so the optimisation trajectory and every logged validation figure are identical. Recorded here explicitly because a lock file that under-reports what it locks defeats its own purpose. Regenerated 2026-09-08 for Amendment 8 (forensic-audit repairs): configs/experiment.yaml gained transplant.seed and data.az.hf_revision, both explicit records of existing behaviour rather than changes to it; no training parameter, condition or seed list was touched.",
  "configs/experiment.yaml": "56d5224994f16e1049856d4b54cdb5d3a580f1d04e13c5601d906db2c084efd3",
  "configs/FROZEN.md": "b76d0e21929d18805c17d7022d3a4c9c4212fe736b21e554ed0e441ab0bdd77c",
  "configs/pilot_t4.yaml": "afb731d9912a769107de8ee1f174d7132253d938da2b26a57b688b332bd84d33"
}
